// !$*UTF8*$!
{
	archiveVersion = 1;
	classes = {
	};
	objectVersion = 46;
	objects = {

/* Begin PBXBuildFile section */
		6E14EB781CAA5D660041F632 /* AppDelegate.swift in Sources */ = {isa = PBXBuildFile; fileRef = 6E14EB771CAA5D660041F632 /* AppDelegate.swift */; };
		6E14EB7A1CAA5D660041F632 /* ViewController.swift in Sources */ = {isa = PBXBuildFile; fileRef = 6E14EB791CAA5D660041F632 /* ViewController.swift */; };
		6E14EB7D1CAA5D660041F632 /* Main.storyboard in Resources */ = {isa = PBXBuildFile; fileRef = 6E14EB7B1CAA5D660041F632 /* Main.storyboard */; };
		6E14EB7F1CAA5D660041F632 /* Assets.xcassets in Resources */ = {isa = PBXBuildFile; fileRef = 6E14EB7E1CAA5D660041F632 /* Assets.xcassets */; };
		6E14EB821CAA5D660041F632 /* LaunchScreen.storyboard in Resources */ = {isa = PBXBuildFile; fileRef = 6E14EB801CAA5D660041F632 /* LaunchScreen.storyboard */; };
		6E14EB8D1CAA5D670041F632 /* iChor_xcode_v2Tests.swift in Sources */ = {isa = PBXBuildFile; fileRef = 6E14EB8C1CAA5D670041F632 /* iChor_xcode_v2Tests.swift */; };
/* End PBXBuildFile section */

/* Begin PBXContainerItemProxy section */
		6E14EB891CAA5D660041F632 /* PBXContainerItemProxy */ = {
			isa = PBXContainerItemProxy;
			containerPortal = 6E14EB6C1CAA5D660041F632 /* Project object */;
			proxyType = 1;
			remoteGlobalIDString = 6E14EB731CAA5D660041F632;
			remoteInfo = iChor_xcode_v2;
		};
/* End PBXContainerItemProxy section */

/* Begin PBXFileReference section */
		6E14EB741CAA5D660041F632 /* iChor_xcode_v2.app */ = {isa = PBXFileReference; explicitFileType = wrapper.application; includeInIndex = 0; path = iChor_xcode_v2.app; sourceTree = BUILT_PRODUCTS_DIR; };
		6E14EB771CAA5D660041F632 /* AppDelegate.swift */ = {isa = PBXFileReference; lastKnownFileType = sourcecode.swift; path = AppDelegate.swift; sourceTree = "<group>"; };
		6E14EB791CAA5D660041F632 /* ViewController.swift */ = {isa = PBXFileReference; lastKnownFileType = sourcecode.swift; path = ViewController.swift; sourceTree = "<group>"; };
		6E14EB7C1CAA5D660041F632 /* Base */ = {isa = PBXFileReference; lastKnownFileType = file.storyboard; name = Base; path = Base.lproj/Main.storyboard; sourceTree = "<group>"; };
		6E14EB7E1CAA5D660041F632 /* Assets.xcassets */ = {isa = PBXFileReference; lastKnownFileType = folder.assetcatalog; path = Assets.xcassets; sourceTree = "<group>"; };
		6E14EB811CAA5D660041F632 /* Base */ = {isa = PBXFileReference; lastKnownFileType = file.storyboard; name = Base; path = Base.lproj/LaunchScreen.storyboard; sourceTree = "<group>"; };
		6E14EB831CAA5D660041F632 /* Info.plist */ = {isa = PBXFileReference; lastKnownFileType = text.plist.xml; path = Info.plist; sourceTree = "<group>"; };
		6E14EB881CAA5D660041F632 /* iChor_xcode_v2Tests.xctest */ = {isa = PBXFileReference; explicitFileType = wrapper.cfbundle; includeInIndex = 0; path = iChor_xcode_v2Tests.xctest; sourceTree = BUILT_PRODUCTS_DIR; };
		6E14EB8C1CAA5D670041F632 /* iChor_xcode_v2Tests.swift */ = {isa = PBXFileReference; lastKnownFileType = sourcecode.swift; path = iChor_xcode_v2Tests.swift; sourceTree = "<group>"; };
		6E14EB8E1CAA5D670041F632 /* Info.plist */ = {isa = PBXFileReference; lastKnownFileType = text.plist.xml; path = Info.plist; sourceTree = "<group>"; };
/* End PBXFileReference section */

/* Begin PBXFrameworksBuildPhase section */
		6E14EB711CAA5D660041F632 /* Frameworks */ = {
			isa = PBXFrameworksBuildPhase;
			buildActionMask = 2147483647;
			files = (
			);
			runOnlyForDeploymentPostprocessing = 0;
		};
		6E14EB851CAA5D660041F632 /* Frameworks */ = {
			isa = PBXFrameworksBuildPhase;
			buildActionMask = 2147483647;
			files = (
			);
			runOnlyForDeploymentPostprocessing = 0;
		};
/* End PBXFrameworksBuildPhase section */

/* Begin PBXGroup section */
		6E14EB6B1CAA5D660041F632 = {
			isa = PBXGroup;
			children = (
				6E14EB761CAA5D660041F632 /* iChor_xcode_v2 */,
				6E14EB8B1CAA5D660041F632 /* iChor_xcode_v2Tests */,
				6E14EB751CAA5D660041F632 /* Products */,
			);
			sourceTree = "<group>";
		};
		6E14EB751CAA5D660041F632 /* Products */ = {
			isa = PBXGroup;
			children = (
				6E14EB741CAA5D660041F632 /* iChor_xcode_v2.app */,
				6E14EB881CAA5D660041F632 /* iChor_xcode_v2Tests.xctest */,
			);
			name = Products;
			sourceTree = "<group>";
		};
		6E14EB761CAA5D660041F632 /* iChor_xcode_v2 */ = {
			isa = PBXGroup;
			children = (
				6E14EB771CAA5D660041F632 /* AppDelegate.swift */,
				6E14EB791CAA5D660041F632 /* ViewController.swift */,
				6E14EB7B1CAA5D660041F632 /* Main.storyboard */,
				6E14EB7E1CAA5D660041F632 /* Assets.xcassets */,
				6E14EB801CAA5D660041F632 /* LaunchScreen.storyboard */,
				6E14EB831CAA5D660041F632 /* Info.plist */,
			);
			path = iChor_xcode_v2;
			sourceTree = "<group>";
		};
		6E14EB8B1CAA5D660041F632 /* iChor_xcode_v2Tests */ = {
			isa = PBXGroup;
			children = (
				6E14EB8C1CAA5D670041F632 /* iChor_xcode_v2Tests.swift */,
				6E14EB8E1CAA5D670041F632 /* Info.plist */,
			);
			path = iChor_xcode_v2Tests;
			sourceTree = "<group>";
		};
/* End PBXGroup section */

/* Begin PBXNativeTarget section */
		6E14EB731CAA5D660041F632 /* iChor_xcode_v2 */ = {
			isa = PBXNativeTarget;
			buildConfigurationList = 6E14EB911CAA5D670041F632 /* Build configuration list for PBXNativeTarget "iChor_xcode_v2" */;
			buildPhases = (
				6E14EB701CAA5D660041F632 /* Sources */,
				6E14EB711CAA5D660041F632 /* Frameworks */,
				6E14EB721CAA5D660041F632 /* Resources */,
			);
			buildRules = (
			);
			dependencies = (
			);
			name = iChor_xcode_v2;
			productName = iChor_xcode_v2;
			productReference = 6E14EB741CAA5D660041F632 /* iChor_xcode_v2.app */;
			productType = "com.apple.product-type.application";
		};
		6E14EB871CAA5D660041F632 /* iChor_xcode_v2Tests */ = {
			isa = PBXNativeTarget;
			buildConfigurationList = 6E14EB941CAA5D670041F632 /* Build configuration list for PBXNativeTarget "iChor_xcode_v2Tests" */;
			buildPhases = (
				6E14EB841CAA5D660041F632 /* Sources */,
				6E14EB851CAA5D660041F632 /* Frameworks */,
				6E14EB861CAA5D660041F632 /* Resources */,
			);
			buildRules = (
			);
			dependencies = (
				6E14EB8A1CAA5D660041F632 /* PBXTargetDependency */,
			);
			name = iChor_xcode_v2Tests;
			productName = iChor_xcode_v2Tests;
			productReference = 6E14EB881CAA5D660041F632 /* iChor_xcode_v2Tests.xctest */;
			productType = "com.apple.product-type.bundle.unit-test";
		};
/* End PBXNativeTarget section */

/* Begin PBXProject section */
		6E14EB6C1CAA5D660041F632 /* Project object */ = {
			isa = PBXProject;
			attributes = {
				LastSwiftUpdateCheck = 0720;
				LastUpgradeCheck = 0720;
				ORGANIZATIONNAME = ITDC;
				TargetAttributes = {
					6E14EB731CAA5D660041F632 = {
						CreatedOnToolsVersion = 7.2.1;
					};
					6E14EB871CAA5D660041F632 = {
						CreatedOnToolsVersion = 7.2.1;
						TestTargetID = 6E14EB731CAA5D660041F632;
					};
				};
			};
			buildConfigurationList = 6E14EB6F1CAA5D660041F632 /* Build configuration list for PBXProject "iChor_xcode_v2" */;
			compatibilityVersion = "Xcode 3.2";
			developmentRegion = English;
			hasScannedForEncodings = 0;
			knownRegions = (
				en,
				Base,
			);
			mainGroup = 6E14EB6B1CAA5D660041F632;
			productRefGroup = 6E14EB751CAA5D660041F632 /* Products */;
			projectDirPath = "";
			projectRoot = "";
			targets = (
				6E14EB731CAA5D660041F632 /* iChor_xcode_v2 */,
				6E14EB871CAA5D660041F632 /* iChor_xcode_v2Tests */,
			);
		};
/* End PBXProject section */

/* Begin PBXResourcesBuildPhase section */
		6E14EB721CAA5D660041F632 /* Resources */ = {
			isa = PBXResourcesBuildPhase;
			buildActionMask = 2147483647;
			files = (
				6E14EB821CAA5D660041F632 /* LaunchScreen.storyboard in Resources */,
				6E14EB7F1CAA5D660041F632 /* Assets.xcassets in Resources */,
				6E14EB7D1CAA5D660041F632 /* Main.storyboard in Resources */,
			);
			runOnlyForDeploymentPostprocessing = 0;
		};
		6E14EB861CAA5D660041F632 /* Resources */ = {
			isa = PBXResourcesBuildPhase;
			buildActionMask = 2147483647;
			files = (
			);
			runOnlyForDeploymentPostprocessing = 0;
		};
/* End PBXResourcesBuildPhase section */

/* Begin PBXSourcesBuildPhase section */
		6E14EB701CAA5D660041F632 /* Sources */ = {
			isa = PBXSourcesBuildPhase;
			buildActionMask = 2147483647;
			files = (
				6E14EB7A1CAA5D660041F632 /* ViewController.swift in Sources */,
				6E14EB781CAA5D660041F632 /* AppDelegate.swift in Sources */,
			);
			runOnlyForDeploymentPostprocessing = 0;
		};
		6E14EB841CAA5D660041F632 /* Sources */ = {
			isa = PBXSourcesBuildPhase;
			buildActionMask = 2147483647;
			files = (
				6E14EB8D1CAA5D670041F632 /* iChor_xcode_v2Tests.swift in Sources */,
			);
			runOnlyForDeploymentPostprocessing = 0;
		};
/* End PBXSourcesBuildPhase section */

/* Begin PBXTargetDependency section */
		6E14EB8A1CAA5D660041F632 /* PBXTargetDependency */ = {
			isa = PBXTargetDependency;
			target = 6E14EB731CAA5D660041F632 /* iChor_xcode_v2 */;
			targetProxy = 6E14EB891CAA5D660041F632 /* PBXContainerItemProxy */;
		};
/* End PBXTargetDependency section */

/* Begin PBXVariantGroup section */
		6E14EB7B1CAA5D660041F632 /* Main.storyboard */ = {
			isa = PBXVariantGroup;
			children = (
				6E14EB7C1CAA5D660041F632 /* Base */,
			);
			name = Main.storyboard;
			sourceTree = "<group>";
		};
		6E14EB801CAA5D660041F632 /* LaunchScreen.storyboard */ = {
			isa = PBXVariantGroup;
			children = (
				6E14EB811CAA5D660041F632 /* Base */,
			);
			name = LaunchScreen.storyboard;
			sourceTree = "<group>";
		};
/* End PBXVariantGroup section */

/* Begin XCBuildConfiguration section */
		6E14EB8F1CAA5D670041F632 /* Debug */ = {
			isa = XCBuildConfiguration;
			buildSettings = {
				ALWAYS_SEARCH_USER_PATHS = NO;
				CLANG_CXX_LANGUAGE_STANDARD = "gnu++0x";
				CLANG_CXX_LIBRARY = "libc++";
				CLANG_ENABLE_MODULES = YES;
				CLANG_ENABLE_OBJC_ARC = YES;
				CLANG_WARN_BOOL_CONVERSION = YES;
				CLANG_WARN_CONSTANT_CONVERSION = YES;
				CLANG_WARN_DIRECT_OBJC_ISA_USAGE = YES_ERROR;
				CLANG_WARN_EMPTY_BODY = YES;
				CLANG_WARN_ENUM_CONVERSION = YES;
				CLANG_WARN_INT_CONVERSION = YES;
				CLANG_WARN_OBJC_ROOT_CLASS = YES_ERROR;
				CLANG_WARN_UNREACHABLE_CODE = YES;
				CLANG_WARN__DUPLICATE_METHOD_MATCH = YES;
				"CODE_SIGN_IDENTITY[sdk=iphoneos*]" = "iPhone Developer";
				COPY_PHASE_STRIP = NO;
				DEBUG_INFORMATION_FORMAT = dwarf;
				ENABLE_STRICT_OBJC_MSGSEND = YES;
				ENABLE_TESTABILITY = YES;
				GCC_C_LANGUAGE_STANDARD = gnu99;
				GCC_DYNAMIC_NO_PIC = NO;
				GCC_NO_COMMON_BLOCKS = YES;
				GCC_OPTIMIZATION_LEVEL = 0;
				GCC_PREPROCESSOR_DEFINITIONS = (
					"DEBUG=1",
					"$(inherited)",
				);
				GCC_WARN_64_TO_32_BIT_CONVERSION = YES;
				GCC_WARN_ABOUT_RETURN_TYPE = YES_ERROR;
				GCC_WARN_UNDECLARED_SELECTOR = YES;
				GCC_WARN_UNINITIALIZED_AUTOS = YES_AGGRESSIVE;
				GCC_WARN_UNUSED_FUNCTION = YES;
				GCC_WARN_UNUSED_VARIABLE = YES;
				IPHONEOS_DEPLOYMENT_TARGET = 9.2;
				MTL_ENABLE_DEBUG_INFO = YES;
				ONLY_ACTIVE_ARCH = YES;
				SDKROOT = iphoneos;
				SWIFT_OPTIMIZATION_LEVEL = "-Onone";
			};
			name = Debug;
		};
		6E14EB901CAA5D670041F632 /* Release */ = {
			isa = XCBuildConfiguration;
			buildSettings = {
				ALWAYS_SEARCH_USER_PATHS = NO;
				CLANG_CXX_LANGUAGE_STANDARD = "gnu++0x";
				CLANG_CXX_LIBRARY = "libc++";
				CLANG_ENABLE_MODULES = YES;
				CLANG_ENABLE_OBJC_ARC = YES;
				CLANG_WARN_BOOL_CONVERSION = YES;
				CLANG_WARN_CONSTANT_CONVERSION = YES;
				CLANG_WARN_DIRECT_OBJC_ISA_USAGE = YES_ERROR;
				CLANG_WARN_EMPTY_BODY = YES;
				CLANG_WARN_ENUM_CONVERSION = YES;
				CLANG_WARN_INT_CONVERSION = YES;
				CLANG_WARN_OBJC_ROOT_CLASS = YES_ERROR;
				CLANG_WARN_UNREACHABLE_CODE = YES;
				CLANG_WARN__DUPLICATE_METHOD_MATCH = YES;
				"CODE_SIGN_IDENTITY[sdk=iphoneos*]" = "iPhone Developer";
				COPY_PHASE_STRIP = NO;
				DEBUG_INFORMATION_FORMAT = "dwarf-with-dsym";
				ENABLE_NS_ASSERTIONS = NO;
				ENABLE_STRICT_OBJC_MSGSEND = YES;
				GCC_C_LANGUAGE_STANDARD = gnu99;
				GCC_NO_COMMON_BLOCKS = YES;
				GCC_WARN_64_TO_32_BIT_CONVERSION = YES;
				GCC_WARN_ABOUT_RETURN_TYPE = YES_ERROR;
				GCC_WARN_UNDECLARED_SELECTOR = YES;
				GCC_WARN_UNINITIALIZED_AUTOS = YES_AGGRESSIVE;
				GCC_WARN_UNUSED_FUNCTION = YES;
				GCC_WARN_UNUSED_VARIABLE = YES;
				IPHONEOS_DEPLOYMENT_TARGET = 9.2;
				MTL_ENABLE_DEBUG_INFO = NO;
				SDKROOT = iphoneos;
				VALIDATE_PRODUCT = YES;
			};
			name = Release;
		};
		6E14EB921CAA5D670041F632 /* Debug */ = {
			isa = XCBuildConfiguration;
			buildSettings = {
				ASSETCATALOG_COMPILER_APPICON_NAME = AppIcon;
				INFOPLIST_FILE = iChor_xcode_v2/Info.plist;
				LD_RUNPATH_SEARCH_PATHS = "$(inherited) @executable_path/Frameworks";
				PRODUCT_BUNDLE_IDENTIFIER = "ph.edu.up.iChor-xcode-v2";
				PRODUCT_NAME = "$(TARGET_NAME)";
			};
			name = Debug;
		};
		6E14EB931CAA5D670041F632 /* Release */ = {
			isa = XCBuildConfiguration;
			buildSettings = {
				ASSETCATALOG_COMPILER_APPICON_NAME = AppIcon;
				INFOPLIST_FILE = iChor_xcode_v2/Info.plist;
				LD_RUNPATH_SEARCH_PATHS = "$(inherited) @executable_path/Frameworks";
				PRODUCT_BUNDLE_IDENTIFIER = "ph.edu.up.iChor-xcode-v2";
				PRODUCT_NAME = "$(TARGET_NAME)";
			};
			name = Release;
		};
		6E14EB951CAA5D670041F632 /* Debug */ = {
			isa = XCBuildConfiguration;
			buildSettings = {
				BUNDLE_LOADER = "$(TEST_HOST)";
				INFOPLIST_FILE = iChor_xcode_v2Tests/Info.plist;
				LD_RUNPATH_SEARCH_PATHS = "$(inherited) @executable_path/Frameworks @loader_path/Frameworks";
				PRODUCT_BUNDLE_IDENTIFIER = "ph.edu.up.iChor-xcode-v2Tests";
				PRODUCT_NAME = "$(TARGET_NAME)";
				TEST_HOST = "$(BUILT_PRODUCTS_DIR)/iChor_xcode_v2.app/iChor_xcode_v2";
			};
			name = Debug;
		};
		6E14EB961CAA5D670041F632 /* Release */ = {
			isa = XCBuildConfiguration;
			buildSettings = {
				BUNDLE_LOADER = "$(TEST_HOST)";
				INFOPLIST_FILE = iChor_xcode_v2Tests/Info.plist;
				LD_RUNPATH_SEARCH_PATHS = "$(inherited) @executable_path/Frameworks @loader_path/Frameworks";
				PRODUCT_BUNDLE_IDENTIFIER = "ph.edu.up.iChor-xcode-v2Tests";
				PRODUCT_NAME = "$(TARGET_NAME)";
				TEST_HOST = "$(BUILT_PRODUCTS_DIR)/iChor_xcode_v2.app/iChor_xcode_v2";
			};
			name = Release;
		};
/* End XCBuildConfiguration section */

/* Begin XCConfigurationList section */
		6E14EB6F1CAA5D660041F632 /* Build configuration list for PBXProject "iChor_xcode_v2" */ = {
			isa = XCConfigurationList;
			buildConfigurations = (
				6E14EB8F1CAA5D670041F632 /* Debug */,
				6E14EB901CAA5D670041F632 /* Release */,
			);
			defaultConfigurationIsVisible = 0;
			defaultConfigurationName = Release;
		};
		6E14EB911CAA5D670041F632 /* Build configuration list for PBXNativeTarget "iChor_xcode_v2" */ = {
			isa = XCConfigurationList;
			buildConfigurations = (
				6E14EB921CAA5D670041F632 /* Debug */,
				6E14EB931CAA5D670041F632 /* Release */,
			);
			defaultConfigurationIsVisible = 0;
		};
		6E14EB941CAA5D670041F632 /* Build configuration list for PBXNativeTarget "iChor_xcode_v2Tests" */ = {
			isa = XCConfigurationList;
			buildConfigurations = (
				6E14EB951CAA5D670041F632 /* Debug */,
				6E14EB961CAA5D670041F632 /* Release */,
			);
			defaultConfigurationIsVisible = 0;
		};
/* End XCConfigurationList section */
	};
	rootObject = 6E14EB6C1CAA5D660041F632 /* Project object */;
}
